// !$*UTF8*$!
{
	archiveVersion = 1;
	classes = {
	};
	objectVersion = 55;
	objects = {

/* Begin PBXBuildFile section */
		8BD6466141DDCB117CD94597 /* Pods_Kip.framework in Frameworks */ = {isa = PBXBuildFile; fileRef = B367BD25AFC400093B7DDB13 /* Pods_Kip.framework */; };
		D265F61727EBAFA400DFB689 /* AppDelegate.swift in Sources */ = {isa = PBXBuildFile; fileRef = D265F61627EBAFA400DFB689 /* AppDelegate.swift */; };
		D265F61927EBAFA400DFB689 /* SceneDelegate.swift in Sources */ = {isa = PBXBuildFile; fileRef = D265F61827EBAFA400DFB689 /* SceneDelegate.swift */; };
		D265F61B27EBAFA400DFB689 /* ViewController.swift in Sources */ = {isa = PBXBuildFile; fileRef = D265F61A27EBAFA400DFB689 /* ViewController.swift */; };
		D265F62027EBAFA600DFB689 /* Assets.xcassets in Resources */ = {isa = PBXBuildFile; fileRef = D265F61F27EBAFA600DFB689 /* Assets.xcassets */; };
		D265F62327EBAFA600DFB689 /* LaunchScreen.storyboard in Resources */ = {isa = PBXBuildFile; fileRef = D265F62127EBAFA600DFB689 /* LaunchScreen.storyboard */; };
		D2A73A0E27EBBD5F004231E1 /* MainTabBarController.swift in Sources */ = {isa = PBXBuildFile; fileRef = D2A73A0D27EBBD5F004231E1 /* MainTabBarController.swift */; };
/* End PBXBuildFile section */

/* Begin PBXFileReference section */
		4F9193D9756DC13E4969B0E8 /* Pods-Kip.debug.xcconfig */ = {isa = PBXFileReference; includeInIndex = 1; lastKnownFileType = text.xcconfig; name = "Pods-Kip.debug.xcconfig"; path = "Target Support Files/Pods-Kip/Pods-Kip.debug.xcconfig"; sourceTree = "<group>"; };
		756CB2496FA58BAA00E07811 /* Pods-Kip.release.xcconfig */ = {isa = PBXFileReference; includeInIndex = 1; lastKnownFileType = text.xcconfig; name = "Pods-Kip.release.xcconfig"; path = "Target Support Files/Pods-Kip/Pods-Kip.release.xcconfig"; sourceTree = "<group>"; };
		B367BD25AFC400093B7DDB13 /* Pods_Kip.framework */ = {isa = PBXFileReference; explicitFileType = wrapper.framework; includeInIndex = 0; path = Pods_Kip.framework; sourceTree = BUILT_PRODUCTS_DIR; };
		D265F61327EBAFA400DFB689 /* Kip.app */ = {isa = PBXFileReference; explicitFileType = wrapper.application; includeInIndex = 0; path = Kip.app; sourceTree = BUILT_PRODUCTS_DIR; };
		D265F61627EBAFA400DFB689 /* AppDelegate.swift */ = {isa = PBXFileReference; lastKnownFileType = sourcecode.swift; path = AppDelegate.swift; sourceTree = "<group>"; };
		D265F61827EBAFA400DFB689 /* SceneDelegate.swift */ = {isa = PBXFileReference; lastKnownFileType = sourcecode.swift; path = SceneDelegate.swift; sourceTree = "<group>"; };
		D265F61A27EBAFA400DFB689 /* ViewController.swift */ = {isa = PBXFileReference; lastKnownFileType = sourcecode.swift; path = ViewController.swift; sourceTree = "<group>"; };
		D265F61F27EBAFA600DFB689 /* Assets.xcassets */ = {isa = PBXFileReference; lastKnownFileType = folder.assetcatalog; path = Assets.xcassets; sourceTree = "<group>"; };
		D265F62227EBAFA600DFB689 /* Base */ = {isa = PBXFileReference; lastKnownFileType = file.storyboard; name = Base; path = Base.lproj/LaunchScreen.storyboard; sourceTree = "<group>"; };
		D265F62427EBAFA600DFB689 /* Info.plist */ = {isa = PBXFileReference; lastKnownFileType = text.plist.xml; path = Info.plist; sourceTree = "<group>"; };
		D2A73A0D27EBBD5F004231E1 /* MainTabBarController.swift */ = {isa = PBXFileReference; lastKnownFileType = sourcecode.swift; path = MainTabBarController.swift; sourceTree = "<group>"; };
/* End PBXFileReference section */

/* Begin PBXFrameworksBuildPhase section */
		D265F61027EBAFA400DFB689 /* Frameworks */ = {
			isa = PBXFrameworksBuildPhase;
			buildActionMask = 2147483647;
			files = (
				8BD6466141DDCB117CD94597 /* Pods_Kip.framework in Frameworks */,
			);
			runOnlyForDeploymentPostprocessing = 0;
		};
/* End PBXFrameworksBuildPhase section */

/* Begin PBXGroup section */
		C45CDF33D9FD21E362A2D4C6 /* Pods */ = {
			isa = PBXGroup;
			children = (
				4F9193D9756DC13E4969B0E8 /* Pods-Kip.debug.xcconfig */,
				756CB2496FA58BAA00E07811 /* Pods-Kip.release.xcconfig */,
			);
			path = Pods;
			sourceTree = "<group>";
		};
		D265F60A27EBAFA400DFB689 = {
			isa = PBXGroup;
			children = (
				D265F61527EBAFA400DFB689 /* Kip */,
				D265F61427EBAFA400DFB689 /* Products */,
				C45CDF33D9FD21E362A2D4C6 /* Pods */,
				E64D2685CC2D33E614570857 /* Frameworks */,
			);
			sourceTree = "<group>";
		};
		D265F61427EBAFA400DFB689 /* Products */ = {
			isa = PBXGroup;
			children = (
				D265F61327EBAFA400DFB689 /* Kip.app */,
			);
			name = Products;
			sourceTree = "<group>";
		};
		D265F61527EBAFA400DFB689 /* Kip */ = {
			isa = PBXGroup;
			children = (
				D2A73A0927EBBB12004231E1 /* Models */,
				D2A73A0827EBBB0F004231E1 /* Views */,
				D2A73A0727EBBB05004231E1 /* Controllers */,
				D2A73A0527EBBAF3004231E1 /* Networking */,
				D2A73A0B27EBBC89004231E1 /* Image */,
				D2A73A0A27EBBC66004231E1 /* Others */,
				D265F62427EBAFA600DFB689 /* Info.plist */,
			);
			path = Kip;
			sourceTree = "<group>";
		};
		D2A73A0527EBBAF3004231E1 /* Networking */ = {
			isa = PBXGroup;
			children = (
			);
			path = Networking;
			sourceTree = "<group>";
		};
		D2A73A0727EBBB05004231E1 /* Controllers */ = {
			isa = PBXGroup;
			children = (
				D265F61A27EBAFA400DFB689 /* ViewController.swift */,
				D2A73A0D27EBBD5F004231E1 /* MainTabBarController.swift */,
			);
			path = Controllers;
			sourceTree = "<group>";
		};
		D2A73A0827EBBB0F004231E1 /* Views */ = {
			isa = PBXGroup;
			children = (
				D265F62127EBAFA600DFB689 /* LaunchScreen.storyboard */,
			);
			path = Views;
			sourceTree = "<group>";
		};
		D2A73A0927EBBB12004231E1 /* Models */ = {
			isa = PBXGroup;
			children = (
			);
			path = Models;
			sourceTree = "<group>";
		};
		D2A73A0A27EBBC66004231E1 /* Others */ = {
			isa = PBXGroup;
			children = (
				D265F61627EBAFA400DFB689 /* AppDelegate.swift */,
				D265F61827EBAFA400DFB689 /* SceneDelegate.swift */,
			);
			path = Others;
			sourceTree = "<group>";
		};
		D2A73A0B27EBBC89004231E1 /* Image */ = {
			isa = PBXGroup;
			children = (
				D265F61F27EBAFA600DFB689 /* Assets.xcassets */,
			);
			path = Image;
			sourceTree = "<group>";
		};
		E64D2685CC2D33E614570857 /* Frameworks */ = {
			isa = PBXGroup;
			children = (
				B367BD25AFC400093B7DDB13 /* Pods_Kip.framework */,
			);
			name = Frameworks;
			sourceTree = "<group>";
		};
/* End PBXGroup section */

/* Begin PBXNativeTarget section */
		D265F61227EBAFA400DFB689 /* Kip */ = {
			isa = PBXNativeTarget;
			buildConfigurationList = D265F62727EBAFA600DFB689 /* Build configuration list for PBXNativeTarget "Kip" */;
			buildPhases = (
				D38BC85D30DED66E6AB0CB32 /* [CP] Check Pods Manifest.lock */,
				D265F60F27EBAFA400DFB689 /* Sources */,
				D265F61027EBAFA400DFB689 /* Frameworks */,
				D265F61127EBAFA400DFB689 /* Resources */,
				ECD26BC83AAC8FEDBDCF3847 /* [CP] Embed Pods Frameworks */,
			);
			buildRules = (
			);
			dependencies = (
			);
			name = Kip;
			productName = Kip;
			productReference = D265F61327EBAFA400DFB689 /* Kip.app */;
			productType = "com.apple.product-type.application";
		};
/* End PBXNativeTarget section */

/* Begin PBXProject section */
		D265F60B27EBAFA400DFB689 /* Project object */ = {
			isa = PBXProject;
			attributes = {
				BuildIndependentTargetsInParallel = 1;
				LastSwiftUpdateCheck = 1330;
				LastUpgradeCheck = 1330;
				TargetAttributes = {
					D265F61227EBAFA400DFB689 = {
						CreatedOnToolsVersion = 13.3;
					};
				};
			};
			buildConfigurationList = D265F60E27EBAFA400DFB689 /* Build configuration list for PBXProject "Kip" */;
			compatibilityVersion = "Xcode 13.0";
			developmentRegion = en;
			hasScannedForEncodings = 0;
			knownRegions = (
				en,
				Base,
			);
			mainGroup = D265F60A27EBAFA400DFB689;
			productRefGroup = D265F61427EBAFA400DFB689 /* Products */;
			projectDirPath = "";
			projectRoot = "";
			targets = (
				D265F61227EBAFA400DFB689 /* Kip */,
			);
		};
/* End PBXProject section */

/* Begin PBXResourcesBuildPhase section */
		D265F61127EBAFA400DFB689 /* Resources */ = {
			isa = PBXResourcesBuildPhase;
			buildActionMask = 2147483647;
			files = (
				D265F62327EBAFA600DFB689 /* LaunchScreen.storyboard in Resources */,
				D265F62027EBAFA600DFB689 /* Assets.xcassets in Resources */,
			);
			runOnlyForDeploymentPostprocessing = 0;
		};
/* End PBXResourcesBuildPhase section */

/* Begin PBXShellScriptBuildPhase section */
		D38BC85D30DED66E6AB0CB32 /* [CP] Check Pods Manifest.lock */ = {
			isa = PBXShellScriptBuildPhase;
			buildActionMask = 2147483647;
			files = (
			);
			inputFileListPaths = (
			);
			inputPaths = (
				"${PODS_PODFILE_DIR_PATH}/Podfile.lock",
				"${PODS_ROOT}/Manifest.lock",
			);
			name = "[CP] Check Pods Manifest.lock";
			outputFileListPaths = (
			);
			outputPaths = (
				"$(DERIVED_FILE_DIR)/Pods-Kip-checkManifestLockResult.txt",
			);
			runOnlyForDeploymentPostprocessing = 0;
			shellPath = /bin/sh;
			shellScript = "diff \"${PODS_PODFILE_DIR_PATH}/Podfile.lock\" \"${PODS_ROOT}/Manifest.lock\" > /dev/null\nif [ $? != 0 ] ; then\n    # print error to STDERR\n    echo \"error: The sandbox is not in sync with the Podfile.lock. Run 'pod install' or update your CocoaPods installation.\" >&2\n    exit 1\nfi\n# This output is used by Xcode 'outputs' to avoid re-running this script phase.\necho \"SUCCESS\" > \"${SCRIPT_OUTPUT_FILE_0}\"\n";
			showEnvVarsInLog = 0;
		};
		ECD26BC83AAC8FEDBDCF3847 /* [CP] Embed Pods Frameworks */ = {
			isa = PBXShellScriptBuildPhase;
			buildActionMask = 2147483647;
			files = (
			);
			inputFileListPaths = (
				"${PODS_ROOT}/Target Support Files/Pods-Kip/Pods-Kip-frameworks-${CONFIGURATION}-input-files.xcfilelist",
			);
			name = "[CP] Embed Pods Frameworks";
			outputFileListPaths = (
				"${PODS_ROOT}/Target Support Files/Pods-Kip/Pods-Kip-frameworks-${CONFIGURATION}-output-files.xcfilelist",
			);
			runOnlyForDeploymentPostprocessing = 0;
			shellPath = /bin/sh;
			shellScript = "\"${PODS_ROOT}/Target Support Files/Pods-Kip/Pods-Kip-frameworks.sh\"\n";
			showEnvVarsInLog = 0;
		};
/* End PBXShellScriptBuildPhase section */

/* Begin PBXSourcesBuildPhase section */
		D265F60F27EBAFA400DFB689 /* Sources */ = {
			isa = PBXSourcesBuildPhase;
			buildActionMask = 2147483647;
			files = (
				D265F61B27EBAFA400DFB689 /* ViewController.swift in Sources */,
				D265F61727EBAFA400DFB689 /* AppDelegate.swift in Sources */,
				D2A73A0E27EBBD5F004231E1 /* MainTabBarController.swift in Sources */,
				D265F61927EBAFA400DFB689 /* SceneDelegate.swift in Sources */,
			);
			runOnlyForDeploymentPostprocessing = 0;
		};
/* End PBXSourcesBuildPhase section */

/* Begin PBXVariantGroup section */
		D265F62127EBAFA600DFB689 /* LaunchScreen.storyboard */ = {
			isa = PBXVariantGroup;
			children = (
				D265F62227EBAFA600DFB689 /* Base */,
			);
			name = LaunchScreen.storyboard;
			sourceTree = "<group>";
		};
/* End PBXVariantGroup section */

/* Begin XCBuildConfiguration section */
		D265F62527EBAFA600DFB689 /* Debug */ = {
			isa = XCBuildConfiguration;
			buildSettings = {
				ALWAYS_SEARCH_USER_PATHS = NO;
				CLANG_ANALYZER_NONNULL = YES;
				CLANG_ANALYZER_NUMBER_OBJECT_CONVERSION = YES_AGGRESSIVE;
				CLANG_CXX_LANGUAGE_STANDARD = "gnu++17";
				CLANG_ENABLE_MODULES = YES;
				CLANG_ENABLE_OBJC_ARC = YES;
				CLANG_ENABLE_OBJC_WEAK = YES;
				CLANG_WARN_BLOCK_CAPTURE_AUTORELEASING = YES;
				CLANG_WARN_BOOL_CONVERSION = YES;
				CLANG_WARN_COMMA = YES;
				CLANG_WARN_CONSTANT_CONVERSION = YES;
				CLANG_WARN_DEPRECATED_OBJC_IMPLEMENTATIONS = YES;
				CLANG_WARN_DIRECT_OBJC_ISA_USAGE = YES_ERROR;
				CLANG_WARN_DOCUMENTATION_COMMENTS = YES;
				CLANG_WARN_EMPTY_BODY = YES;
				CLANG_WARN_ENUM_CONVERSION = YES;
				CLANG_WARN_INFINITE_RECURSION = YES;
				CLANG_WARN_INT_CONVERSION = YES;
				CLANG_WARN_NON_LITERAL_NULL_CONVERSION = YES;
				CLANG_WARN_OBJC_IMPLICIT_RETAIN_SELF = YES;
				CLANG_WARN_OBJC_LITERAL_CONVERSION = YES;
				CLANG_WARN_OBJC_ROOT_CLASS = YES_ERROR;
				CLANG_WARN_QUOTED_INCLUDE_IN_FRAMEWORK_HEADER = YES;
				CLANG_WARN_RANGE_LOOP_ANALYSIS = YES;
				CLANG_WARN_STRICT_PROTOTYPES = YES;
				CLANG_WARN_SUSPICIOUS_MOVE = YES;
				CLANG_WARN_UNGUARDED_AVAILABILITY = YES_AGGRESSIVE;
				CLANG_WARN_UNREACHABLE_CODE = YES;
				CLANG_WARN__DUPLICATE_METHOD_MATCH = YES;
				COPY_PHASE_STRIP = NO;
				DEBUG_INFORMATION_FORMAT = dwarf;
				ENABLE_STRICT_OBJC_MSGSEND = YES;
				ENABLE_TESTABILITY = YES;
				GCC_C_LANGUAGE_STANDARD = gnu11;
				GCC_DYNAMIC_NO_PIC = NO;
				GCC_NO_COMMON_BLOCKS = YES;
				GCC_OPTIMIZATION_LEVEL = 0;
				GCC_PREPROCESSOR_DEFINITIONS = (
					"DEBUG=1",
					"$(inherited)",
				);
				GCC_WARN_64_TO_32_BIT_CONVERSION = YES;
				GCC_WARN_ABOUT_RETURN_TYPE = YES_ERROR;
				GCC_WARN_UNDECLARED_SELECTOR = YES;
				GCC_WARN_UNINITIALIZED_AUTOS = YES_AGGRESSIVE;
				GCC_WARN_UNUSED_FUNCTION = YES;
				GCC_WARN_UNUSED_VARIABLE = YES;
				IPHONEOS_DEPLOYMENT_TARGET = 15.4;
				MTL_ENABLE_DEBUG_INFO = INCLUDE_SOURCE;
				MTL_FAST_MATH = YES;
				ONLY_ACTIVE_ARCH = YES;
				SDKROOT = iphoneos;
				SWIFT_ACTIVE_COMPILATION_CONDITIONS = DEBUG;
				SWIFT_OPTIMIZATION_LEVEL = "-Onone";
			};
			name = Debug;
		};
		D265F62627EBAFA600DFB689 /* Release */ = {
			isa = XCBuildConfiguration;
			buildSettings = {
				ALWAYS_SEARCH_USER_PATHS = NO;
				CLANG_ANALYZER_NONNULL = YES;
				CLANG_ANALYZER_NUMBER_OBJECT_CONVERSION = YES_AGGRESSIVE;
				CLANG_CXX_LANGUAGE_STANDARD = "gnu++17";
				CLANG_ENABLE_MODULES = YES;
				CLANG_ENABLE_OBJC_ARC = YES;
				CLANG_ENABLE_OBJC_WEAK = YES;
				CLANG_WARN_BLOCK_CAPTURE_AUTORELEASING = YES;
				CLANG_WARN_BOOL_CONVERSION = YES;
				CLANG_WARN_COMMA = YES;
				CLANG_WARN_CONSTANT_CONVERSION = YES;
				CLANG_WARN_DEPRECATED_OBJC_IMPLEMENTATIONS = YES;
				CLANG_WARN_DIRECT_OBJC_ISA_USAGE = YES_ERROR;
				CLANG_WARN_DOCUMENTATION_COMMENTS = YES;
				CLANG_WARN_EMPTY_BODY = YES;
				CLANG_WARN_ENUM_CONVERSION = YES;
				CLANG_WARN_INFINITE_RECURSION = YES;
				CLANG_WARN_INT_CONVERSION = YES;
				CLANG_WARN_NON_LITERAL_NULL_CONVERSION = YES;
				CLANG_WARN_OBJC_IMPLICIT_RETAIN_SELF = YES;
				CLANG_WARN_OBJC_LITERAL_CONVERSION = YES;
				CLANG_WARN_OBJC_ROOT_CLASS = YES_ERROR;
				CLANG_WARN_QUOTED_INCLUDE_IN_FRAMEWORK_HEADER = YES;
				CLANG_WARN_RANGE_LOOP_ANALYSIS = YES;
				CLANG_WARN_STRICT_PROTOTYPES = YES;
				CLANG_WARN_SUSPICIOUS_MOVE = YES;
				CLANG_WARN_UNGUARDED_AVAILABILITY = YES_AGGRESSIVE;
				CLANG_WARN_UNREACHABLE_CODE = YES;
				CLANG_WARN__DUPLICATE_METHOD_MATCH = YES;
				COPY_PHASE_STRIP = NO;
				DEBUG_INFORMATION_FORMAT = "dwarf-with-dsym";
				ENABLE_NS_ASSERTIONS = NO;
				ENABLE_STRICT_OBJC_MSGSEND = YES;
				GCC_C_LANGUAGE_STANDARD = gnu11;
				GCC_NO_COMMON_BLOCKS = YES;
				GCC_WARN_64_TO_32_BIT_CONVERSION = YES;
				GCC_WARN_ABOUT_RETURN_TYPE = YES_ERROR;
				GCC_WARN_UNDECLARED_SELECTOR = YES;
				GCC_WARN_UNINITIALIZED_AUTOS = YES_AGGRESSIVE;
				GCC_WARN_UNUSED_FUNCTION = YES;
				GCC_WARN_UNUSED_VARIABLE = YES;
				IPHONEOS_DEPLOYMENT_TARGET = 15.4;
				MTL_ENABLE_DEBUG_INFO = NO;
				MTL_FAST_MATH = YES;
				SDKROOT = iphoneos;
				SWIFT_COMPILATION_MODE = wholemodule;
				SWIFT_OPTIMIZATION_LEVEL = "-O";
				VALIDATE_PRODUCT = YES;
			};
			name = Release;
		};
		D265F62827EBAFA600DFB689 /* Debug */ = {
			isa = XCBuildConfiguration;
			baseConfigurationReference = 4F9193D9756DC13E4969B0E8 /* Pods-Kip.debug.xcconfig */;
			buildSettings = {
				ASSETCATALOG_COMPILER_APPICON_NAME = AppIcon;
				ASSETCATALOG_COMPILER_GLOBAL_ACCENT_COLOR_NAME = AccentColor;
				CODE_SIGN_STYLE = Automatic;
				CURRENT_PROJECT_VERSION = 1;
				DEVELOPMENT_TEAM = UJ8B9FFXUA;
				GENERATE_INFOPLIST_FILE = YES;
				INFOPLIST_FILE = Kip/Info.plist;
				INFOPLIST_KEY_UIApplicationSupportsIndirectInputEvents = YES;
				INFOPLIST_KEY_UILaunchStoryboardName = LaunchScreen;
				INFOPLIST_KEY_UISupportedInterfaceOrientations_iPad = "UIInterfaceOrientationPortrait UIInterfaceOrientationPortraitUpsideDown UIInterfaceOrientationLandscapeLeft UIInterfaceOrientationLandscapeRight";
				INFOPLIST_KEY_UISupportedInterfaceOrientations_iPhone = "UIInterfaceOrientationPortrait UIInterfaceOrientationLandscapeLeft UIInterfaceOrientationLandscapeRight";
				LD_RUNPATH_SEARCH_PATHS = (
					"$(inherited)",
					"@executable_path/Frameworks",
				);
				MARKETING_VERSION = 1.0;
				PRODUCT_BUNDLE_IDENTIFIER = kiko.Kip;
				PRODUCT_NAME = "$(TARGET_NAME)";
				SWIFT_EMIT_LOC_STRINGS = YES;
				SWIFT_VERSION = 5.0;
				TARGETED_DEVICE_FAMILY = "1,2";
			};
			name = Debug;
		};
		D265F62927EBAFA600DFB689 /* Release */ = {
			isa = XCBuildConfiguration;
			baseConfigurationReference = 756CB2496FA58BAA00E07811 /* Pods-Kip.release.xcconfig */;
			buildSettings = {
				ASSETCATALOG_COMPILER_APPICON_NAME = AppIcon;
				ASSETCATALOG_COMPILER_GLOBAL_ACCENT_COLOR_NAME = AccentColor;
				CODE_SIGN_STYLE = Automatic;
				CURRENT_PROJECT_VERSION = 1;
				DEVELOPMENT_TEAM = UJ8B9FFXUA;
				GENERATE_INFOPLIST_FILE = YES;
				INFOPLIST_FILE = Kip/Info.plist;
				INFOPLIST_KEY_UIApplicationSupportsIndirectInputEvents = YES;
				INFOPLIST_KEY_UILaunchStoryboardName = LaunchScreen;
				INFOPLIST_KEY_UISupportedInterfaceOrientations_iPad = "UIInterfaceOrientationPortrait UIInterfaceOrientationPortraitUpsideDown UIInterfaceOrientationLandscapeLeft UIInterfaceOrientationLandscapeRight";
				INFOPLIST_KEY_UISupportedInterfaceOrientations_iPhone = "UIInterfaceOrientationPortrait UIInterfaceOrientationLandscapeLeft UIInterfaceOrientationLandscapeRight";
				LD_RUNPATH_SEARCH_PATHS = (
					"$(inherited)",
					"@executable_path/Frameworks",
				);
				MARKETING_VERSION = 1.0;
				PRODUCT_BUNDLE_IDENTIFIER = kiko.Kip;
				PRODUCT_NAME = "$(TARGET_NAME)";
				SWIFT_EMIT_LOC_STRINGS = YES;
				SWIFT_VERSION = 5.0;
				TARGETED_DEVICE_FAMILY = "1,2";
			};
			name = Release;
		};
/* End XCBuildConfiguration section */

/* Begin XCConfigurationList section */
		D265F60E27EBAFA400DFB689 /* Build configuration list for PBXProject "Kip" */ = {
			isa = XCConfigurationList;
			buildConfigurations = (
				D265F62527EBAFA600DFB689 /* Debug */,
				D265F62627EBAFA600DFB689 /* Release */,
			);
			defaultConfigurationIsVisible = 0;
			defaultConfigurationName = Release;
		};
		D265F62727EBAFA600DFB689 /* Build configuration list for PBXNativeTarget "Kip" */ = {
			isa = XCConfigurationList;
			buildConfigurations = (
				D265F62827EBAFA600DFB689 /* Debug */,
				D265F62927EBAFA600DFB689 /* Release */,
			);
			defaultConfigurationIsVisible = 0;
			defaultConfigurationName = Release;
		};
/* End XCConfigurationList section */
	};
	rootObject = D265F60B27EBAFA400DFB689 /* Project object */;
}
